{
  "nodes": {
    "disko": {
      "inputs": {
        "nixpkgs": [
          "nixpkgs"
        ]
      },
      "locked": {
        "lastModified": 1789770686,
        "narHash": "sha256-uZkBR7yHdIKUFB5SZdfgh1qkGfI3XmYmI/lTiquxbck=",
        "owner": "nix-community",
        "repo": "disko",
        "rev": "725ea35e410ad83be4931d1bff7e090eacaf3563",
        "type": "github"
      },
      "original": {
        "owner": "nix-community",
        "repo": "disko",
        "type": "github"
      }
    },
    "home-manager": {
      "inputs": {
        "nixpkgs": [
          "nixpkgs"
        ]
      },
      "locked": {
        "lastModified": 1790742243,
        "narHash": "sha256-kaNo6xHiL31AbNNEreG0OTKf4j6Cxlo5bPawjX7lnbQ=",
        "owner": "nix-community",
        "repo": "home-manager",
        "rev": "e5fcd298a00f08b6e8390baf04aa8edb62203070",
        "type": "github"
      },
      "original": {
        "owner": "nix-community",
        "ref": "release-26.05",
        "repo": "home-manager",
        "type": "github"
      }
    },
    "musnix": {
      "inputs": {
        "nixpkgs": [
          "nixpkgs"
        ]
      },
      "locked": {
        "lastModified": 1777848538,
        "narHash": "sha256-Dj51C0NWsglqRrCpdmMr2nFiYacFOid1Tor4H9yG2HY=",
        "owner": "musnix",
        "repo": "musnix",
        "rev": "8548782f0d1d0928daa3fffde8a008f72219a3f3",
        "type": "github"
      },
      "original": {
        "owner": "musnix",
        "repo": "musnix",
        "type": "github"
      }
    },
    "nixpkgs": {
      "locked": {
        "lastModified": 1790750587,
        "narHash": "sha256-neiwVQVB0ONcopw7wbiinq1vYtMOTjTLuEueGF9Ex1Y=",
        "rev": "78e9c786dc08cd4f3420c2395cd977206a9b1da2",
        "type": "tarball",
        "url": "https://releases.nixos.org/nixos/26.05/nixos-26.05.10927.78e9c786dc08/nixexprs.tar.xz?lastModified=1790750587&rev=78e9c786dc08cd4f3420c2395cd977206a9b1da2"
      },
      "original": {
        "type": "tarball",
        "url": "https://channels.nixos.org/nixos-26.05/nixexprs.tar.xz"
      }
    },
    "nixpkgs-unstable": {
      "locked": {
        "lastModified": 1790652569,
        "narHash": "sha256-k8Fu4c9Z+4Nh7mUr0cfw++ITQiyEhlWxoJBOkI3tOcQ=",
        "rev": "b6c8664de9b6cc07fe5666a29f91884ba81197c4",
        "type": "tarball",
        "url": "https://releases.nixos.org/nixpkgs/nixpkgs-26.11pre1082290.b6c8664de9b6/nixexprs.tar.xz?lastModified=1790652569&rev=b6c8664de9b6cc07fe5666a29f91884ba81197c4"
      },
      "original": {
        "type": "tarball",
        "url": "https://channels.nixos.org/nixpkgs-unstable/nixexprs.tar.xz"
      }
    },
    "quadlet-nix": {
      "locked": {
        "lastModified": 1790641475,
        "narHash": "sha256-G/priWdc/7y1Fogok9rn6WS4KhbYpTr2B2PwSMt3ekA=",
        "owner": "SEIAROTg",
        "repo": "quadlet-nix",
        "rev": "db3af9df6943692c78cf9a05e3bfeb7d82e94cf3",
        "type": "github"
      },
      "original": {
        "owner": "SEIAROTg",
        "repo": "quadlet-nix",
        "type": "github"
      }
    },
    "root": {
      "inputs": {
        "disko": "disko",
        "home-manager": "home-manager",
        "musnix": "musnix",
        "nixpkgs": "nixpkgs",
        "nixpkgs-unstable": "nixpkgs-unstable",
        "quadlet-nix": "quadlet-nix",
        "secrets": "secrets",
        "sops-nix": "sops-nix"
      }
    },
    "secrets": {
      "flake": false,
      "locked": {
        "lastModified": 1790538715,
        "narHash": "sha256-egJwqM823DA8p/EyY7hyvyc0CIZQtWPohZmMsQF9Pkc=",
        "ref": "main",
        "rev": "4e3511697177d95ea097d5cd2b332720c6dbc75f",
        "shallow": true,
        "type": "git",
        "url": "ssh://git@git.gay/stellawupp/stella-dotfiles-secrets.git"
      },
      "original": {
        "ref": "main",
        "shallow": true,
        "type": "git",
        "url": "ssh://git@git.gay/stellawupp/stella-dotfiles-secrets.git"
      }
    },
    "sops-nix": {
      "inputs": {
        "nixpkgs": [
          "nixpkgs"
        ]
      },
      "locked": {
        "lastModified": 1790498116,
        "narHash": "sha256-rs9meAYxW3zzrh43yaW7htrqCD+X9+pupDPHN86fumI=",
        "owner": "Mic92",
        "repo": "sops-nix",
        "rev": "5efb5a6f4f5ab192817d28557dd4d650fa14d866",
        "type": "github"
      },
      "original": {
        "owner": "Mic92",
        "repo": "sops-nix",
        "type": "github"
      }
    }
  },
  "root": "root",
  "version": 7
}
